
Microsoft Visual Studio Solution File, Format Version 12.00
# Visual Studio Version 17
VisualStudioVersion = 17.3.32825.248
MinimumVisualStudioVersion = 10.0.40219.1
Project("{FAE04EC0-301F-11D3-BF4B-00C04F79EFBC}") = "Lab3", "Lab3.csproj", "{3AA8FB5E-821D-44B6-A9F1-FC2680925168}"
EndProject
Global
	GlobalSection(SolutionConfigurationPlatforms) = preSolution
		Debug|Any CPU = Debug|Any CPU
		Release|Any CPU = Release|Any CPU
	EndGlobalSection
	GlobalSection(ProjectConfigurationPlatforms) = postSolution
		{3AA8FB5E-821D-44B6-A9F1-FC2680925168}.Debug|Any CPU.ActiveCfg = Debug|Any CPU
		{3AA8FB5E-821D-44B6-A9F1-FC2680925168}.Debug|Any CPU.Build.0 = Debug|Any CPU
		{3AA8FB5E-821D-44B6-A9F1-FC2680925168}.Release|Any CPU.ActiveCfg = Release|Any CPU
		{3AA8FB5E-821D-44B6-A9F1-FC2680925168}.Release|Any CPU.Build.0 = Release|Any CPU
	EndGlobalSection
	GlobalSection(SolutionProperties) = preSolution
		HideSolutionNode = FALSE
	EndGlobalSection
	GlobalSection(ExtensibilityGlobals) = postSolution
		SolutionGuid = {B6C5B082-AE58-4C7F-8444-6C1F46AFC50E}
	EndGlobalSection
EndGlobal
